// !$*UTF8*$!
{
	archiveVersion = 1;
	classes = {
	};
	objectVersion = 56;
	objects = {

/* Begin PBXBuildFile section */
		73D1CC9D2ACBF9F5000CB483 /* JokesAppSwiftUIApp.swift in Sources */ = {isa = PBXBuildFile; fileRef = 73D1CC9C2ACBF9F5000CB483 /* JokesAppSwiftUIApp.swift */; };
		73D1CC9F2ACBF9F5000CB483 /* ContentView.swift in Sources */ = {isa = PBXBuildFile; fileRef = 73D1CC9E2ACBF9F5000CB483 /* ContentView.swift */; };
		73D1CCA12ACBF9F6000CB483 /* Assets.xcassets in Resources */ = {isa = PBXBuildFile; fileRef = 73D1CCA02ACBF9F6000CB483 /* Assets.xcassets */; };
		73D1CCA42ACBF9F6000CB483 /* Preview Assets.xcassets in Resources */ = {isa = PBXBuildFile; fileRef = 73D1CCA32ACBF9F6000CB483 /* Preview Assets.xcassets */; };
		73D1CCAE2ACBF9F6000CB483 /* JokesAppSwiftUITests.swift in Sources */ = {isa = PBXBuildFile; fileRef = 73D1CCAD2ACBF9F6000CB483 /* JokesAppSwiftUITests.swift */; };
		73D1CCB82ACBF9F6000CB483 /* JokesAppSwiftUIUITests.swift in Sources */ = {isa = PBXBuildFile; fileRef = 73D1CCB72ACBF9F6000CB483 /* JokesAppSwiftUIUITests.swift */; };
		73D1CCBA2ACBF9F6000CB483 /* JokesAppSwiftUIUITestsLaunchTests.swift in Sources */ = {isa = PBXBuildFile; fileRef = 73D1CCB92ACBF9F6000CB483 /* JokesAppSwiftUIUITestsLaunchTests.swift */; };
		73D1CCC72ACC15A6000CB483 /* JokeData.swift in Sources */ = {isa = PBXBuildFile; fileRef = 73D1CCC62ACC15A6000CB483 /* JokeData.swift */; };
		73D1CCCA2ACC15FD000CB483 /* JokeListData.swift in Sources */ = {isa = PBXBuildFile; fileRef = 73D1CCC92ACC15FD000CB483 /* JokeListData.swift */; };
		73D1CCCE2ACC16D5000CB483 /* JokeViewModel.swift in Sources */ = {isa = PBXBuildFile; fileRef = 73D1CCCD2ACC16D5000CB483 /* JokeViewModel.swift */; };
		73D1CCD12ACC4608000CB483 /* Alamofire in Frameworks */ = {isa = PBXBuildFile; productRef = 73D1CCD02ACC4608000CB483 /* Alamofire */; };
/* End PBXBuildFile section */

/* Begin PBXContainerItemProxy section */
		73D1CCAA2ACBF9F6000CB483 /* PBXContainerItemProxy */ = {
			isa = PBXContainerItemProxy;
			containerPortal = 73D1CC912ACBF9F5000CB483 /* Project object */;
			proxyType = 1;
			remoteGlobalIDString = 73D1CC982ACBF9F5000CB483;
			remoteInfo = JokesAppSwiftUI;
		};
		73D1CCB42ACBF9F6000CB483 /* PBXContainerItemProxy */ = {
			isa = PBXContainerItemProxy;
			containerPortal = 73D1CC912ACBF9F5000CB483 /* Project object */;
			proxyType = 1;
			remoteGlobalIDString = 73D1CC982ACBF9F5000CB483;
			remoteInfo = JokesAppSwiftUI;
		};
/* End PBXContainerItemProxy section */

/* Begin PBXFileReference section */
		73D1CC992ACBF9F5000CB483 /* JokesAppSwiftUI.app */ = {isa = PBXFileReference; explicitFileType = wrapper.application; includeInIndex = 0; path = JokesAppSwiftUI.app; sourceTree = BUILT_PRODUCTS_DIR; };
		73D1CC9C2ACBF9F5000CB483 /* JokesAppSwiftUIApp.swift */ = {isa = PBXFileReference; lastKnownFileType = sourcecode.swift; path = JokesAppSwiftUIApp.swift; sourceTree = "<group>"; };
		73D1CC9E2ACBF9F5000CB483 /* ContentView.swift */ = {isa = PBXFileReference; lastKnownFileType = sourcecode.swift; path = ContentView.swift; sourceTree = "<group>"; };
		73D1CCA02ACBF9F6000CB483 /* Assets.xcassets */ = {isa = PBXFileReference; lastKnownFileType = folder.assetcatalog; path = Assets.xcassets; sourceTree = "<group>"; };
		73D1CCA32ACBF9F6000CB483 /* Preview Assets.xcassets */ = {isa = PBXFileReference; lastKnownFileType = folder.assetcatalog; path = "Preview Assets.xcassets"; sourceTree = "<group>"; };
		73D1CCA92ACBF9F6000CB483 /* JokesAppSwiftUITests.xctest */ = {isa = PBXFileReference; explicitFileType = wrapper.cfbundle; includeInIndex = 0; path = JokesAppSwiftUITests.xctest; sourceTree = BUILT_PRODUCTS_DIR; };
		73D1CCAD2ACBF9F6000CB483 /* JokesAppSwiftUITests.swift */ = {isa = PBXFileReference; lastKnownFileType = sourcecode.swift; path = JokesAppSwiftUITests.swift; sourceTree = "<group>"; };
		73D1CCB32ACBF9F6000CB483 /* JokesAppSwiftUIUITests.xctest */ = {isa = PBXFileReference; explicitFileType = wrapper.cfbundle; includeInIndex = 0; path = JokesAppSwiftUIUITests.xctest; sourceTree = BUILT_PRODUCTS_DIR; };
		73D1CCB72ACBF9F6000CB483 /* JokesAppSwiftUIUITests.swift */ = {isa = PBXFileReference; lastKnownFileType = sourcecode.swift; path = JokesAppSwiftUIUITests.swift; sourceTree = "<group>"; };
		73D1CCB92ACBF9F6000CB483 /* JokesAppSwiftUIUITestsLaunchTests.swift */ = {isa = PBXFileReference; lastKnownFileType = sourcecode.swift; path = JokesAppSwiftUIUITestsLaunchTests.swift; sourceTree = "<group>"; };
		73D1CCC62ACC15A6000CB483 /* JokeData.swift */ = {isa = PBXFileReference; lastKnownFileType = sourcecode.swift; path = JokeData.swift; sourceTree = "<group>"; };
		73D1CCC92ACC15FD000CB483 /* JokeListData.swift */ = {isa = PBXFileReference; lastKnownFileType = sourcecode.swift; path = JokeListData.swift; sourceTree = "<group>"; };
		73D1CCCD2ACC16D5000CB483 /* JokeViewModel.swift */ = {isa = PBXFileReference; lastKnownFileType = sourcecode.swift; path = JokeViewModel.swift; sourceTree = "<group>"; };
/* End PBXFileReference section */

/* Begin PBXFrameworksBuildPhase section */
		73D1CC962ACBF9F5000CB483 /* Frameworks */ = {
			isa = PBXFrameworksBuildPhase;
			buildActionMask = 2147483647;
			files = (
				73D1CCD12ACC4608000CB483 /* Alamofire in Frameworks */,
			);
			runOnlyForDeploymentPostprocessing = 0;
		};
		73D1CCA62ACBF9F6000CB483 /* Frameworks */ = {
			isa = PBXFrameworksBuildPhase;
			buildActionMask = 2147483647;
			files = (
			);
			runOnlyForDeploymentPostprocessing = 0;
		};
		73D1CCB02ACBF9F6000CB483 /* Frameworks */ = {
			isa = PBXFrameworksBuildPhase;
			buildActionMask = 2147483647;
			files = (
			);
			runOnlyForDeploymentPostprocessing = 0;
		};
/* End PBXFrameworksBuildPhase section */

/* Begin PBXGroup section */
		73D1CC902ACBF9F5000CB483 = {
			isa = PBXGroup;
			children = (
				73D1CC9B2ACBF9F5000CB483 /* JokesAppSwiftUI */,
				73D1CCAC2ACBF9F6000CB483 /* JokesAppSwiftUITests */,
				73D1CCB62ACBF9F6000CB483 /* JokesAppSwiftUIUITests */,
				73D1CC9A2ACBF9F5000CB483 /* Products */,
			);
			sourceTree = "<group>";
		};
		73D1CC9A2ACBF9F5000CB483 /* Products */ = {
			isa = PBXGroup;
			children = (
				73D1CC992ACBF9F5000CB483 /* JokesAppSwiftUI.app */,
				73D1CCA92ACBF9F6000CB483 /* JokesAppSwiftUITests.xctest */,
				73D1CCB32ACBF9F6000CB483 /* JokesAppSwiftUIUITests.xctest */,
			);
			name = Products;
			sourceTree = "<group>";
		};
		73D1CC9B2ACBF9F5000CB483 /* JokesAppSwiftUI */ = {
			isa = PBXGroup;
			children = (
				73D1CCCC2ACC16BD000CB483 /* ViewModel */,
				73D1CCCB2ACC166E000CB483 /* View */,
				73D1CCC82ACC15BA000CB483 /* Model */,
				73D1CC9C2ACBF9F5000CB483 /* JokesAppSwiftUIApp.swift */,
				73D1CCA02ACBF9F6000CB483 /* Assets.xcassets */,
				73D1CCA22ACBF9F6000CB483 /* Preview Content */,
			);
			path = JokesAppSwiftUI;
			sourceTree = "<group>";
		};
		73D1CCA22ACBF9F6000CB483 /* Preview Content */ = {
			isa = PBXGroup;
			children = (
				73D1CCA32ACBF9F6000CB483 /* Preview Assets.xcassets */,
			);
			path = "Preview Content";
			sourceTree = "<group>";
		};
		73D1CCAC2ACBF9F6000CB483 /* JokesAppSwiftUITests */ = {
			isa = PBXGroup;
			children = (
				73D1CCAD2ACBF9F6000CB483 /* JokesAppSwiftUITests.swift */,
			);
			path = JokesAppSwiftUITests;
			sourceTree = "<group>";
		};
		73D1CCB62ACBF9F6000CB483 /* JokesAppSwiftUIUITests */ = {
			isa = PBXGroup;
			children = (
				73D1CCB72ACBF9F6000CB483 /* JokesAppSwiftUIUITests.swift */,
				73D1CCB92ACBF9F6000CB483 /* JokesAppSwiftUIUITestsLaunchTests.swift */,
			);
			path = JokesAppSwiftUIUITests;
			sourceTree = "<group>";
		};
		73D1CCC82ACC15BA000CB483 /* Model */ = {
			isa = PBXGroup;
			children = (
				73D1CCC62ACC15A6000CB483 /* JokeData.swift */,
				73D1CCC92ACC15FD000CB483 /* JokeListData.swift */,
			);
			path = Model;
			sourceTree = "<group>";
		};
		73D1CCCB2ACC166E000CB483 /* View */ = {
			isa = PBXGroup;
			children = (
				73D1CC9E2ACBF9F5000CB483 /* ContentView.swift */,
			);
			path = View;
			sourceTree = "<group>";
		};
		73D1CCCC2ACC16BD000CB483 /* ViewModel */ = {
			isa = PBXGroup;
			children = (
				73D1CCCD2ACC16D5000CB483 /* JokeViewModel.swift */,
			);
			path = ViewModel;
			sourceTree = "<group>";
		};
/* End PBXGroup section */

/* Begin PBXNativeTarget section */
		73D1CC982ACBF9F5000CB483 /* JokesAppSwiftUI */ = {
			isa = PBXNativeTarget;
			buildConfigurationList = 73D1CCBD2ACBF9F6000CB483 /* Build configuration list for PBXNativeTarget "JokesAppSwiftUI" */;
			buildPhases = (
				73D1CC952ACBF9F5000CB483 /* Sources */,
				73D1CC962ACBF9F5000CB483 /* Frameworks */,
				73D1CC972ACBF9F5000CB483 /* Resources */,
			);
			buildRules = (
			);
			dependencies = (
			);
			name = JokesAppSwiftUI;
			packageProductDependencies = (
				73D1CCD02ACC4608000CB483 /* Alamofire */,
			);
			productName = JokesAppSwiftUI;
			productReference = 73D1CC992ACBF9F5000CB483 /* JokesAppSwiftUI.app */;
			productType = "com.apple.product-type.application";
		};
		73D1CCA82ACBF9F6000CB483 /* JokesAppSwiftUITests */ = {
			isa = PBXNativeTarget;
			buildConfigurationList = 73D1CCC02ACBF9F6000CB483 /* Build configuration list for PBXNativeTarget "JokesAppSwiftUITests" */;
			buildPhases = (
				73D1CCA52ACBF9F6000CB483 /* Sources */,
				73D1CCA62ACBF9F6000CB483 /* Frameworks */,
				73D1CCA72ACBF9F6000CB483 /* Resources */,
			);
			buildRules = (
			);
			dependencies = (
				73D1CCAB2ACBF9F6000CB483 /* PBXTargetDependency */,
			);
			name = JokesAppSwiftUITests;
			productName = JokesAppSwiftUITests;
			productReference = 73D1CCA92ACBF9F6000CB483 /* JokesAppSwiftUITests.xctest */;
			productType = "com.apple.product-type.bundle.unit-test";
		};
		73D1CCB22ACBF9F6000CB483 /* JokesAppSwiftUIUITests */ = {
			isa = PBXNativeTarget;
			buildConfigurationList = 73D1CCC32ACBF9F6000CB483 /* Build configuration list for PBXNativeTarget "JokesAppSwiftUIUITests" */;
			buildPhases = (
				73D1CCAF2ACBF9F6000CB483 /* Sources */,
				73D1CCB02ACBF9F6000CB483 /* Frameworks */,
				73D1CCB12ACBF9F6000CB483 /* Resources */,
			);
			buildRules = (
			);
			dependencies = (
				73D1CCB52ACBF9F6000CB483 /* PBXTargetDependency */,
			);
			name = JokesAppSwiftUIUITests;
			productName = JokesAppSwiftUIUITests;
			productReference = 73D1CCB32ACBF9F6000CB483 /* JokesAppSwiftUIUITests.xctest */;
			productType = "com.apple.product-type.bundle.ui-testing";
		};
/* End PBXNativeTarget section */

/* Begin PBXProject section */
		73D1CC912ACBF9F5000CB483 /* Project object */ = {
			isa = PBXProject;
			attributes = {
				BuildIndependentTargetsInParallel = 1;
				LastSwiftUpdateCheck = 1500;
				LastUpgradeCheck = 1500;
				TargetAttributes = {
					73D1CC982ACBF9F5000CB483 = {
						CreatedOnToolsVersion = 15.0;
					};
					73D1CCA82ACBF9F6000CB483 = {
						CreatedOnToolsVersion = 15.0;
						TestTargetID = 73D1CC982ACBF9F5000CB483;
					};
					73D1CCB22ACBF9F6000CB483 = {
						CreatedOnToolsVersion = 15.0;
						TestTargetID = 73D1CC982ACBF9F5000CB483;
					};
				};
			};
			buildConfigurationList = 73D1CC942ACBF9F5000CB483 /* Build configuration list for PBXProject "JokesAppSwiftUI" */;
			compatibilityVersion = "Xcode 14.0";
			developmentRegion = en;
			hasScannedForEncodings = 0;
			knownRegions = (
				en,
				Base,
			);
			mainGroup = 73D1CC902ACBF9F5000CB483;
			packageReferences = (
				73D1CCCF2ACC4608000CB483 /* XCRemoteSwiftPackageReference "Alamofire" */,
			);
			productRefGroup = 73D1CC9A2ACBF9F5000CB483 /* Products */;
			projectDirPath = "";
			projectRoot = "";
			targets = (
				73D1CC982ACBF9F5000CB483 /* JokesAppSwiftUI */,
				73D1CCA82ACBF9F6000CB483 /* JokesAppSwiftUITests */,
				73D1CCB22ACBF9F6000CB483 /* JokesAppSwiftUIUITests */,
			);
		};
/* End PBXProject section */

/* Begin PBXResourcesBuildPhase section */
		73D1CC972ACBF9F5000CB483 /* Resources */ = {
			isa = PBXResourcesBuildPhase;
			buildActionMask = 2147483647;
			files = (
				73D1CCA42ACBF9F6000CB483 /* Preview Assets.xcassets in Resources */,
				73D1CCA12ACBF9F6000CB483 /* Assets.xcassets in Resources */,
			);
			runOnlyForDeploymentPostprocessing = 0;
		};
		73D1CCA72ACBF9F6000CB483 /* Resources */ = {
			isa = PBXResourcesBuildPhase;
			buildActionMask = 2147483647;
			files = (
			);
			runOnlyForDeploymentPostprocessing = 0;
		};
		73D1CCB12ACBF9F6000CB483 /* Resources */ = {
			isa = PBXResourcesBuildPhase;
			buildActionMask = 2147483647;
			files = (
			);
			runOnlyForDeploymentPostprocessing = 0;
		};
/* End PBXResourcesBuildPhase section */

/* Begin PBXSourcesBuildPhase section */
		73D1CC952ACBF9F5000CB483 /* Sources */ = {
			isa = PBXSourcesBuildPhase;
			buildActionMask = 2147483647;
			files = (
				73D1CCCE2ACC16D5000CB483 /* JokeViewModel.swift in Sources */,
				73D1CCCA2ACC15FD000CB483 /* JokeListData.swift in Sources */,
				73D1CC9F2ACBF9F5000CB483 /* ContentView.swift in Sources */,
				73D1CCC72ACC15A6000CB483 /* JokeData.swift in Sources */,
				73D1CC9D2ACBF9F5000CB483 /* JokesAppSwiftUIApp.swift in Sources */,
			);
			runOnlyForDeploymentPostprocessing = 0;
		};
		73D1CCA52ACBF9F6000CB483 /* Sources */ = {
			isa = PBXSourcesBuildPhase;
			buildActionMask = 2147483647;
			files = (
				73D1CCAE2ACBF9F6000CB483 /* JokesAppSwiftUITests.swift in Sources */,
			);
			runOnlyForDeploymentPostprocessing = 0;
		};
		73D1CCAF2ACBF9F6000CB483 /* Sources */ = {
			isa = PBXSourcesBuildPhase;
			buildActionMask = 2147483647;
			files = (
				73D1CCB82ACBF9F6000CB483 /* JokesAppSwiftUIUITests.swift in Sources */,
				73D1CCBA2ACBF9F6000CB483 /* JokesAppSwiftUIUITestsLaunchTests.swift in Sources */,
			);
			runOnlyForDeploymentPostprocessing = 0;
		};
/* End PBXSourcesBuildPhase section */

/* Begin PBXTargetDependency section */
		73D1CCAB2ACBF9F6000CB483 /* PBXTargetDependency */ = {
			isa = PBXTargetDependency;
			target = 73D1CC982ACBF9F5000CB483 /* JokesAppSwiftUI */;
			targetProxy = 73D1CCAA2ACBF9F6000CB483 /* PBXContainerItemProxy */;
		};
		73D1CCB52ACBF9F6000CB483 /* PBXTargetDependency */ = {
			isa = PBXTargetDependency;
			target = 73D1CC982ACBF9F5000CB483 /* JokesAppSwiftUI */;
			targetProxy = 73D1CCB42ACBF9F6000CB483 /* PBXContainerItemProxy */;
		};
/* End PBXTargetDependency section */

/* Begin XCBuildConfiguration section */
		73D1CCBB2ACBF9F6000CB483 /* Debug */ = {
			isa = XCBuildConfiguration;
			buildSettings = {
				ALWAYS_SEARCH_USER_PATHS = NO;
				ASSETCATALOG_COMPILER_GENERATE_SWIFT_ASSET_SYMBOL_EXTENSIONS = YES;
				CLANG_ANALYZER_NONNULL = YES;
				CLANG_ANALYZER_NUMBER_OBJECT_CONVERSION = YES_AGGRESSIVE;
				CLANG_CXX_LANGUAGE_STANDARD = "gnu++20";
				CLANG_ENABLE_MODULES = YES;
				CLANG_ENABLE_OBJC_ARC = YES;
				CLANG_ENABLE_OBJC_WEAK = YES;
				CLANG_WARN_BLOCK_CAPTURE_AUTORELEASING = YES;
				CLANG_WARN_BOOL_CONVERSION = YES;
				CLANG_WARN_COMMA = YES;
				CLANG_WARN_CONSTANT_CONVERSION = YES;
				CLANG_WARN_DEPRECATED_OBJC_IMPLEMENTATIONS = YES;
				CLANG_WARN_DIRECT_OBJC_ISA_USAGE = YES_ERROR;
				CLANG_WARN_DOCUMENTATION_COMMENTS = YES;
				CLANG_WARN_EMPTY_BODY = YES;
				CLANG_WARN_ENUM_CONVERSION = YES;
				CLANG_WARN_INFINITE_RECURSION = YES;
				CLANG_WARN_INT_CONVERSION = YES;
				CLANG_WARN_NON_LITERAL_NULL_CONVERSION = YES;
				CLANG_WARN_OBJC_IMPLICIT_RETAIN_SELF = YES;
				CLANG_WARN_OBJC_LITERAL_CONVERSION = YES;
				CLANG_WARN_OBJC_ROOT_CLASS = YES_ERROR;
				CLANG_WARN_QUOTED_INCLUDE_IN_FRAMEWORK_HEADER = YES;
				CLANG_WARN_RANGE_LOOP_ANALYSIS = YES;
				CLANG_WARN_STRICT_PROTOTYPES = YES;
				CLANG_WARN_SUSPICIOUS_MOVE = YES;
				CLANG_WARN_UNGUARDED_AVAILABILITY = YES_AGGRESSIVE;
				CLANG_WARN_UNREACHABLE_CODE = YES;
				CLANG_WARN__DUPLICATE_METHOD_MATCH = YES;
				COPY_PHASE_STRIP = NO;
				DEBUG_INFORMATION_FORMAT = dwarf;
				ENABLE_STRICT_OBJC_MSGSEND = YES;
				ENABLE_TESTABILITY = YES;
				ENABLE_USER_SCRIPT_SANDBOXING = YES;
				GCC_C_LANGUAGE_STANDARD = gnu17;
				GCC_DYNAMIC_NO_PIC = NO;
				GCC_NO_COMMON_BLOCKS = YES;
				GCC_OPTIMIZATION_LEVEL = 0;
				GCC_PREPROCESSOR_DEFINITIONS = (
					"DEBUG=1",
					"$(inherited)",
				);
				GCC_WARN_64_TO_32_BIT_CONVERSION = YES;
				GCC_WARN_ABOUT_RETURN_TYPE = YES_ERROR;
				GCC_WARN_UNDECLARED_SELECTOR = YES;
				GCC_WARN_UNINITIALIZED_AUTOS = YES_AGGRESSIVE;
				GCC_WARN_UNUSED_FUNCTION = YES;
				GCC_WARN_UNUSED_VARIABLE = YES;
				IPHONEOS_DEPLOYMENT_TARGET = 17.0;
				LOCALIZATION_PREFERS_STRING_CATALOGS = YES;
				MTL_ENABLE_DEBUG_INFO = INCLUDE_SOURCE;
				MTL_FAST_MATH = YES;
				ONLY_ACTIVE_ARCH = YES;
				SDKROOT = iphoneos;
				SWIFT_ACTIVE_COMPILATION_CONDITIONS = "DEBUG $(inherited)";
				SWIFT_OPTIMIZATION_LEVEL = "-Onone";
			};
			name = Debug;
		};
		73D1CCBC2ACBF9F6000CB483 /* Release */ = {
			isa = XCBuildConfiguration;
			buildSettings = {
				ALWAYS_SEARCH_USER_PATHS = NO;
				ASSETCATALOG_COMPILER_GENERATE_SWIFT_ASSET_SYMBOL_EXTENSIONS = YES;
				CLANG_ANALYZER_NONNULL = YES;
				CLANG_ANALYZER_NUMBER_OBJECT_CONVERSION = YES_AGGRESSIVE;
				CLANG_CXX_LANGUAGE_STANDARD = "gnu++20";
				CLANG_ENABLE_MODULES = YES;
				CLANG_ENABLE_OBJC_ARC = YES;
				CLANG_ENABLE_OBJC_WEAK = YES;
				CLANG_WARN_BLOCK_CAPTURE_AUTORELEASING = YES;
				CLANG_WARN_BOOL_CONVERSION = YES;
				CLANG_WARN_COMMA = YES;
				CLANG_WARN_CONSTANT_CONVERSION = YES;
				CLANG_WARN_DEPRECATED_OBJC_IMPLEMENTATIONS = YES;
				CLANG_WARN_DIRECT_OBJC_ISA_USAGE = YES_ERROR;
				CLANG_WARN_DOCUMENTATION_COMMENTS = YES;
				CLANG_WARN_EMPTY_BODY = YES;
				CLANG_WARN_ENUM_CONVERSION = YES;
				CLANG_WARN_INFINITE_RECURSION = YES;
				CLANG_WARN_INT_CONVERSION = YES;
				CLANG_WARN_NON_LITERAL_NULL_CONVERSION = YES;
				CLANG_WARN_OBJC_IMPLICIT_RETAIN_SELF = YES;
				CLANG_WARN_OBJC_LITERAL_CONVERSION = YES;
				CLANG_WARN_OBJC_ROOT_CLASS = YES_ERROR;
				CLANG_WARN_QUOTED_INCLUDE_IN_FRAMEWORK_HEADER = YES;
				CLANG_WARN_RANGE_LOOP_ANALYSIS = YES;
				CLANG_WARN_STRICT_PROTOTYPES = YES;
				CLANG_WARN_SUSPICIOUS_MOVE = YES;
				CLANG_WARN_UNGUARDED_AVAILABILITY = YES_AGGRESSIVE;
				CLANG_WARN_UNREACHABLE_CODE = YES;
				CLANG_WARN__DUPLICATE_METHOD_MATCH = YES;
				COPY_PHASE_STRIP = NO;
				DEBUG_INFORMATION_FORMAT = "dwarf-with-dsym";
				ENABLE_NS_ASSERTIONS = NO;
				ENABLE_STRICT_OBJC_MSGSEND = YES;
				ENABLE_USER_SCRIPT_SANDBOXING = YES;
				GCC_C_LANGUAGE_STANDARD = gnu17;
				GCC_NO_COMMON_BLOCKS = YES;
				GCC_WARN_64_TO_32_BIT_CONVERSION = YES;
				GCC_WARN_ABOUT_RETURN_TYPE = YES_ERROR;
				GCC_WARN_UNDECLARED_SELECTOR = YES;
				GCC_WARN_UNINITIALIZED_AUTOS = YES_AGGRESSIVE;
				GCC_WARN_UNUSED_FUNCTION = YES;
				GCC_WARN_UNUSED_VARIABLE = YES;
				IPHONEOS_DEPLOYMENT_TARGET = 17.0;
				LOCALIZATION_PREFERS_STRING_CATALOGS = YES;
				MTL_ENABLE_DEBUG_INFO = NO;
				MTL_FAST_MATH = YES;
				SDKROOT = iphoneos;
				SWIFT_COMPILATION_MODE = wholemodule;
				VALIDATE_PRODUCT = YES;
			};
			name = Release;
		};
		73D1CCBE2ACBF9F6000CB483 /* Debug */ = {
			isa = XCBuildConfiguration;
			buildSettings = {
				ASSETCATALOG_COMPILER_APPICON_NAME = AppIcon;
				ASSETCATALOG_COMPILER_GLOBAL_ACCENT_COLOR_NAME = AccentColor;
				CODE_SIGN_STYLE = Automatic;
				CURRENT_PROJECT_VERSION = 1;
				DEVELOPMENT_ASSET_PATHS = "\"JokesAppSwiftUI/Preview Content\"";
				ENABLE_PREVIEWS = YES;
				GENERATE_INFOPLIST_FILE = YES;
				INFOPLIST_KEY_UIApplicationSceneManifest_Generation = YES;
				INFOPLIST_KEY_UIApplicationSupportsIndirectInputEvents = YES;
				INFOPLIST_KEY_UILaunchScreen_Generation = YES;
				INFOPLIST_KEY_UISupportedInterfaceOrientations_iPad = "UIInterfaceOrientationPortrait UIInterfaceOrientationPortraitUpsideDown UIInterfaceOrientationLandscapeLeft UIInterfaceOrientationLandscapeRight";
				INFOPLIST_KEY_UISupportedInterfaceOrientations_iPhone = "UIInterfaceOrientationPortrait UIInterfaceOrientationLandscapeLeft UIInterfaceOrientationLandscapeRight";
				LD_RUNPATH_SEARCH_PATHS = (
					"$(inherited)",
					"@executable_path/Frameworks",
				);
				MARKETING_VERSION = 1.0;
				PRODUCT_BUNDLE_IDENTIFIER = com.begers.JokesAppSwiftUI;
				PRODUCT_NAME = "$(TARGET_NAME)";
				SWIFT_EMIT_LOC_STRINGS = YES;
				SWIFT_VERSION = 5.0;
				TARGETED_DEVICE_FAMILY = "1,2";
			};
			name = Debug;
		};
		73D1CCBF2ACBF9F6000CB483 /* Release */ = {
			isa = XCBuildConfiguration;
			buildSettings = {
				ASSETCATALOG_COMPILER_APPICON_NAME = AppIcon;
				ASSETCATALOG_COMPILER_GLOBAL_ACCENT_COLOR_NAME = AccentColor;
				CODE_SIGN_STYLE = Automatic;
				CURRENT_PROJECT_VERSION = 1;
				DEVELOPMENT_ASSET_PATHS = "\"JokesAppSwiftUI/Preview Content\"";
				ENABLE_PREVIEWS = YES;
				GENERATE_INFOPLIST_FILE = YES;
				INFOPLIST_KEY_UIApplicationSceneManifest_Generation = YES;
				INFOPLIST_KEY_UIApplicationSupportsIndirectInputEvents = YES;
				INFOPLIST_KEY_UILaunchScreen_Generation = YES;
				INFOPLIST_KEY_UISupportedInterfaceOrientations_iPad = "UIInterfaceOrientationPortrait UIInterfaceOrientationPortraitUpsideDown UIInterfaceOrientationLandscapeLeft UIInterfaceOrientationLandscapeRight";
				INFOPLIST_KEY_UISupportedInterfaceOrientations_iPhone = "UIInterfaceOrientationPortrait UIInterfaceOrientationLandscapeLeft UIInterfaceOrientationLandscapeRight";
				LD_RUNPATH_SEARCH_PATHS = (
					"$(inherited)",
					"@executable_path/Frameworks",
				);
				MARKETING_VERSION = 1.0;
				PRODUCT_BUNDLE_IDENTIFIER = com.begers.JokesAppSwiftUI;
				PRODUCT_NAME = "$(TARGET_NAME)";
				SWIFT_EMIT_LOC_STRINGS = YES;
				SWIFT_VERSION = 5.0;
				TARGETED_DEVICE_FAMILY = "1,2";
			};
			name = Release;
		};
		73D1CCC12ACBF9F6000CB483 /* Debug */ = {
			isa = XCBuildConfiguration;
			buildSettings = {
				ALWAYS_EMBED_SWIFT_STANDARD_LIBRARIES = YES;
				BUNDLE_LOADER = "$(TEST_HOST)";
				CODE_SIGN_STYLE = Automatic;
				CURRENT_PROJECT_VERSION = 1;
				GENERATE_INFOPLIST_FILE = YES;
				IPHONEOS_DEPLOYMENT_TARGET = 17.0;
				MARKETING_VERSION = 1.0;
				PRODUCT_BUNDLE_IDENTIFIER = com.begers.JokesAppSwiftUITests;
				PRODUCT_NAME = "$(TARGET_NAME)";
				SWIFT_EMIT_LOC_STRINGS = NO;
				SWIFT_VERSION = 5.0;
				TARGETED_DEVICE_FAMILY = "1,2";
				TEST_HOST = "$(BUILT_PRODUCTS_DIR)/JokesAppSwiftUI.app/$(BUNDLE_EXECUTABLE_FOLDER_PATH)/JokesAppSwiftUI";
			};
			name = Debug;
		};
		73D1CCC22ACBF9F6000CB483 /* Release */ = {
			isa = XCBuildConfiguration;
			buildSettings = {
				ALWAYS_EMBED_SWIFT_STANDARD_LIBRARIES = YES;
				BUNDLE_LOADER = "$(TEST_HOST)";
				CODE_SIGN_STYLE = Automatic;
				CURRENT_PROJECT_VERSION = 1;
				GENERATE_INFOPLIST_FILE = YES;
				IPHONEOS_DEPLOYMENT_TARGET = 17.0;
				MARKETING_VERSION = 1.0;
				PRODUCT_BUNDLE_IDENTIFIER = com.begers.JokesAppSwiftUITests;
				PRODUCT_NAME = "$(TARGET_NAME)";
				SWIFT_EMIT_LOC_STRINGS = NO;
				SWIFT_VERSION = 5.0;
				TARGETED_DEVICE_FAMILY = "1,2";
				TEST_HOST = "$(BUILT_PRODUCTS_DIR)/JokesAppSwiftUI.app/$(BUNDLE_EXECUTABLE_FOLDER_PATH)/JokesAppSwiftUI";
			};
			name = Release;
		};
		73D1CCC42ACBF9F6000CB483 /* Debug */ = {
			isa = XCBuildConfiguration;
			buildSettings = {
				ALWAYS_EMBED_SWIFT_STANDARD_LIBRARIES = YES;
				CODE_SIGN_STYLE = Automatic;
				CURRENT_PROJECT_VERSION = 1;
				GENERATE_INFOPLIST_FILE = YES;
				MARKETING_VERSION = 1.0;
				PRODUCT_BUNDLE_IDENTIFIER = com.begers.JokesAppSwiftUIUITests;
				PRODUCT_NAME = "$(TARGET_NAME)";
				SWIFT_EMIT_LOC_STRINGS = NO;
				SWIFT_VERSION = 5.0;
				TARGETED_DEVICE_FAMILY = "1,2";
				TEST_TARGET_NAME = JokesAppSwiftUI;
			};
			name = Debug;
		};
		73D1CCC52ACBF9F6000CB483 /* Release */ = {
			isa = XCBuildConfiguration;
			buildSettings = {
				ALWAYS_EMBED_SWIFT_STANDARD_LIBRARIES = YES;
				CODE_SIGN_STYLE = Automatic;
				CURRENT_PROJECT_VERSION = 1;
				GENERATE_INFOPLIST_FILE = YES;
				MARKETING_VERSION = 1.0;
				PRODUCT_BUNDLE_IDENTIFIER = com.begers.JokesAppSwiftUIUITests;
				PRODUCT_NAME = "$(TARGET_NAME)";
				SWIFT_EMIT_LOC_STRINGS = NO;
				SWIFT_VERSION = 5.0;
				TARGETED_DEVICE_FAMILY = "1,2";
				TEST_TARGET_NAME = JokesAppSwiftUI;
			};
			name = Release;
		};
/* End XCBuildConfiguration section */

/* Begin XCConfigurationList section */
		73D1CC942ACBF9F5000CB483 /* Build configuration list for PBXProject "JokesAppSwiftUI" */ = {
			isa = XCConfigurationList;
			buildConfigurations = (
				73D1CCBB2ACBF9F6000CB483 /* Debug */,
				73D1CCBC2ACBF9F6000CB483 /* Release */,
			);
			defaultConfigurationIsVisible = 0;
			defaultConfigurationName = Release;
		};
		73D1CCBD2ACBF9F6000CB483 /* Build configuration list for PBXNativeTarget "JokesAppSwiftUI" */ = {
			isa = XCConfigurationList;
			buildConfigurations = (
				73D1CCBE2ACBF9F6000CB483 /* Debug */,
				73D1CCBF2ACBF9F6000CB483 /* Release */,
			);
			defaultConfigurationIsVisible = 0;
			defaultConfigurationName = Release;
		};
		73D1CCC02ACBF9F6000CB483 /* Build configuration list for PBXNativeTarget "JokesAppSwiftUITests" */ = {
			isa = XCConfigurationList;
			buildConfigurations = (
				73D1CCC12ACBF9F6000CB483 /* Debug */,
				73D1CCC22ACBF9F6000CB483 /* Release */,
			);
			defaultConfigurationIsVisible = 0;
			defaultConfigurationName = Release;
		};
		73D1CCC32ACBF9F6000CB483 /* Build configuration list for PBXNativeTarget "JokesAppSwiftUIUITests" */ = {
			isa = XCConfigurationList;
			buildConfigurations = (
				73D1CCC42ACBF9F6000CB483 /* Debug */,
				73D1CCC52ACBF9F6000CB483 /* Release */,
			);
			defaultConfigurationIsVisible = 0;
			defaultConfigurationName = Release;
		};
/* End XCConfigurationList section */

/* Begin XCRemoteSwiftPackageReference section */
		73D1CCCF2ACC4608000CB483 /* XCRemoteSwiftPackageReference "Alamofire" */ = {
			isa = XCRemoteSwiftPackageReference;
			repositoryURL = "https://github.com/Alamofire/Alamofire";
			requirement = {
				kind = upToNextMajorVersion;
				minimumVersion = 5.8.0;
			};
		};
/* End XCRemoteSwiftPackageReference section */

/* Begin XCSwiftPackageProductDependency section */
		73D1CCD02ACC4608000CB483 /* Alamofire */ = {
			isa = XCSwiftPackageProductDependency;
			package = 73D1CCCF2ACC4608000CB483 /* XCRemoteSwiftPackageReference "Alamofire" */;
			productName = Alamofire;
		};
/* End XCSwiftPackageProductDependency section */
	};
	rootObject = 73D1CC912ACBF9F5000CB483 /* Project object */;
}
